
Microsoft Visual Studio Solution File, Format Version 12.00
# Visual Studio Version 16
VisualStudioVersion = 16.0.30621.155
MinimumVisualStudioVersion = 10.0.40219.1
Project("{8BC9CEB8-8B4A-11D0-8D11-00A0C91BC942}") = "libctnn", "libctnn.vcxproj", "{FFD06AF2-58FD-44FB-B095-1F3F77A4AE4C}"
EndProject
Global
	GlobalSection(SolutionConfigurationPlatforms) = preSolution
		Debug|x64 = Debug|x64
		Debug|x86 = Debug|x86
		Release|x64 = Release|x64
		Release|x86 = Release|x86
	EndGlobalSection
	GlobalSection(ProjectConfigurationPlatforms) = postSolution
		{FFD06AF2-58FD-44FB-B095-1F3F77A4AE4C}.Debug|x64.ActiveCfg = Debug|x64
		{FFD06AF2-58FD-44FB-B095-1F3F77A4AE4C}.Debug|x64.Build.0 = Debug|x64
		{FFD06AF2-58FD-44FB-B095-1F3F77A4AE4C}.Debug|x86.ActiveCfg = Debug|Win32
		{FFD06AF2-58FD-44FB-B095-1F3F77A4AE4C}.Debug|x86.Build.0 = Debug|Win32
		{FFD06AF2-58FD-44FB-B095-1F3F77A4AE4C}.Release|x64.ActiveCfg = Release|x64
		{FFD06AF2-58FD-44FB-B095-1F3F77A4AE4C}.Release|x64.Build.0 = Release|x64
		{FFD06AF2-58FD-44FB-B095-1F3F77A4AE4C}.Release|x86.ActiveCfg = Release|Win32
		{FFD06AF2-58FD-44FB-B095-1F3F77A4AE4C}.Release|x86.Build.0 = Release|Win32
	EndGlobalSection
	GlobalSection(SolutionProperties) = preSolution
		HideSolutionNode = FALSE
	EndGlobalSection
	GlobalSection(ExtensibilityGlobals) = postSolution
		SolutionGuid = {0760D1C8-20B9-4218-8CF0-18930228B1FA}
	EndGlobalSection
EndGlobal
